
Microsoft Visual Studio Solution File, Format Version 12.00
# Visual Studio Version 17
VisualStudioVersion = 17.7.34221.43
MinimumVisualStudioVersion = 10.0.40219.1
Project("{FAE04EC0-301F-11D3-BF4B-00C04F79EFBC}") = "API_ZapBank", "API_ZapBank\API_ZapBank.csproj", "{56114C2F-476B-4B87-AE3E-AF9CD4C4E285}"
EndProject
Global
	GlobalSection(SolutionConfigurationPlatforms) = preSolution
		Debug|Any CPU = Debug|Any CPU
		Release|Any CPU = Release|Any CPU
	EndGlobalSection
	GlobalSection(ProjectConfigurationPlatforms) = postSolution
		{56114C2F-476B-4B87-AE3E-AF9CD4C4E285}.Debug|Any CPU.ActiveCfg = Debug|Any CPU
		{56114C2F-476B-4B87-AE3E-AF9CD4C4E285}.Debug|Any CPU.Build.0 = Debug|Any CPU
		{56114C2F-476B-4B87-AE3E-AF9CD4C4E285}.Release|Any CPU.ActiveCfg = Release|Any CPU
		{56114C2F-476B-4B87-AE3E-AF9CD4C4E285}.Release|Any CPU.Build.0 = Release|Any CPU
	EndGlobalSection
	GlobalSection(SolutionProperties) = preSolution
		HideSolutionNode = FALSE
	EndGlobalSection
	GlobalSection(ExtensibilityGlobals) = postSolution
		SolutionGuid = {50088E68-73A1-4F03-B16C-4236D1AE4F45}
	EndGlobalSection
EndGlobal
